{
  "version": 4,
  "terraform_version": "1.4.6",
  "serial": 7,
  "lineage": "4fe9d167-532a-2d3b-ea31-10c5ae6734bf",
  "outputs": {},
  "resources": [
    {
      "mode": "managed",
      "type": "kubectl_manifest",
      "name": "deployment",
      "provider": "provider[\"registry.terraform.io/gavinbunney/kubectl\"]",
      "instances": [
        {
          "schema_version": 1,
          "attributes": {
            "api_version": "apps/v1",
            "apply_only": false,
            "force_conflicts": false,
            "force_new": false,
            "id": "/apis/apps/v1/namespaces/hello-kubernetes-ns/deployments/hellow-kubernetes",
            "ignore_fields": null,
            "kind": "Deployment",
            "live_manifest_incluster": "3e90f7b91ea9ceb10dfa26dfd768bca8b08d4d08a1d5592fde6ceb083b72e064",
            "live_uid": "2ba0a0ea-056c-4118-9874-bde242bc0d48",
            "name": "hellow-kubernetes",
            "namespace": "hello-kubernetes-ns",
            "override_namespace": null,
            "sensitive_fields": null,
            "server_side_apply": false,
            "timeouts": null,
            "uid": "2ba0a0ea-056c-4118-9874-bde242bc0d48",
            "validate_schema": true,
            "wait": null,
            "wait_for_rollout": true,
            "yaml_body": "\napiVersion: apps/v1\nkind: Deployment\nmetadata:\n  labels:\n    app: hellow-kubernetes\n  name: hellow-kubernetes\n  namespace : hello-kubernetes-ns\nspec:\n  replicas: 2\n  selector:\n    matchLabels:\n      app: hellow-kubernetes\n  template:\n    metadata:\n      labels:\n        app: hellow-kubernetes\n    spec:\n      containers:\n      - image: paulbouwer/hello-kubernetes:1.10\n        name: hello-kubernetes\n        ports:\n        - containerPort: 8080\n",
            "yaml_body_parsed": "apiVersion: apps/v1\nkind: Deployment\nmetadata:\n  labels:\n    app: hellow-kubernetes\n  name: hellow-kubernetes\n  namespace: hello-kubernetes-ns\nspec:\n  replicas: 2\n  selector:\n    matchLabels:\n      app: hellow-kubernetes\n  template:\n    metadata:\n      labels:\n        app: hellow-kubernetes\n    spec:\n      containers:\n      - image: paulbouwer/hello-kubernetes:1.10\n        name: hello-kubernetes\n        ports:\n        - containerPort: 8080\n",
            "yaml_incluster": "3e90f7b91ea9ceb10dfa26dfd768bca8b08d4d08a1d5592fde6ceb083b72e064"
          },
          "sensitive_attributes": [],
          "private": "eyJlMmJmYjczMC1lY2FhLTExZTYtOGY4OC0zNDM2M2JjN2M0YzAiOnsiY3JlYXRlIjo2MDAwMDAwMDAwMDB9LCJzY2hlbWFfdmVyc2lvbiI6IjEifQ=="
        }
      ]
    },
    {
      "mode": "managed",
      "type": "kubectl_manifest",
      "name": "namespace",
      "provider": "provider[\"registry.terraform.io/gavinbunney/kubectl\"]",
      "instances": [
        {
          "schema_version": 1,
          "attributes": {
            "api_version": "v1",
            "apply_only": false,
            "force_conflicts": false,
            "force_new": false,
            "id": "/api/v1/namespaces/hello-kubernetes-ns",
            "ignore_fields": null,
            "kind": "Namespace",
            "live_manifest_incluster": "37478864267dbbd91debe51a93bd73cf98a4fe4da6f572b41c1edb8b0a96cf37",
            "live_uid": "86ba1b10-43ea-42a9-9922-ccd31992332f",
            "name": "hello-kubernetes-ns",
            "namespace": null,
            "override_namespace": null,
            "sensitive_fields": null,
            "server_side_apply": false,
            "timeouts": null,
            "uid": "86ba1b10-43ea-42a9-9922-ccd31992332f",
            "validate_schema": true,
            "wait": null,
            "wait_for_rollout": true,
            "yaml_body": "\nkind: Namespace\napiVersion: v1\nmetadata:\n  name: hello-kubernetes-ns\n  labels:\n    name: hello-kubernetes-ns\n\n",
            "yaml_body_parsed": "apiVersion: v1\nkind: Namespace\nmetadata:\n  labels:\n    name: hello-kubernetes-ns\n  name: hello-kubernetes-ns\n",
            "yaml_incluster": "37478864267dbbd91debe51a93bd73cf98a4fe4da6f572b41c1edb8b0a96cf37"
          },
          "sensitive_attributes": [],
          "private": "eyJlMmJmYjczMC1lY2FhLTExZTYtOGY4OC0zNDM2M2JjN2M0YzAiOnsiY3JlYXRlIjo2MDAwMDAwMDAwMDB9LCJzY2hlbWFfdmVyc2lvbiI6IjEifQ=="
        }
      ]
    },
    {
      "mode": "managed",
      "type": "kubectl_manifest",
      "name": "service",
      "provider": "provider[\"registry.terraform.io/gavinbunney/kubectl\"]",
      "instances": [
        {
          "schema_version": 1,
          "attributes": {
            "api_version": "v1",
            "apply_only": false,
            "force_conflicts": false,
            "force_new": false,
            "id": "/api/v1/namespaces/hello-kubernetes-ns/services/hellow-kubernetes",
            "ignore_fields": null,
            "kind": "Service",
            "live_manifest_incluster": "b821e2d76b52ff6ae5b9eacfa3885763ae72923dfc1753e76358fad5b24f6a09",
            "live_uid": "e93b4501-51c5-4f54-bcb7-0c62479af960",
            "name": "hellow-kubernetes",
            "namespace": "hello-kubernetes-ns",
            "override_namespace": null,
            "sensitive_fields": null,
            "server_side_apply": false,
            "timeouts": null,
            "uid": "e93b4501-51c5-4f54-bcb7-0c62479af960",
            "validate_schema": true,
            "wait": null,
            "wait_for_rollout": true,
            "yaml_body": "\napiVersion: v1\nkind: Service\nmetadata:\n  labels:\n    app: hellow-kubernetes\n  name: hellow-kubernetes\n  namespace: hello-kubernetes-ns\nspec:\n  ports:\n  - port: 80\n    protocol: TCP\n    targetPort: 8080\n  selector:\n    app: hellow-kubernetes\n  type: NodePort\n\n",
            "yaml_body_parsed": "apiVersion: v1\nkind: Service\nmetadata:\n  labels:\n    app: hellow-kubernetes\n  name: hellow-kubernetes\n  namespace: hello-kubernetes-ns\nspec:\n  ports:\n  - port: 80\n    protocol: TCP\n    targetPort: 8080\n  selector:\n    app: hellow-kubernetes\n  type: NodePort\n",
            "yaml_incluster": "b821e2d76b52ff6ae5b9eacfa3885763ae72923dfc1753e76358fad5b24f6a09"
          },
          "sensitive_attributes": [],
          "private": "eyJlMmJmYjczMC1lY2FhLTExZTYtOGY4OC0zNDM2M2JjN2M0YzAiOnsiY3JlYXRlIjo2MDAwMDAwMDAwMDB9LCJzY2hlbWFfdmVyc2lvbiI6IjEifQ=="
        }
      ]
    }
  ],
  "check_results": null
}
